
Microsoft Visual Studio Solution File, Format Version 12.00
# Visual Studio Version 17
VisualStudioVersion = 17.14.36401.2 d17.14
MinimumVisualStudioVersion = 10.0.40219.1
Project("{FAE04EC0-301F-11D3-BF4B-00C04F79EFBC}") = "SupplyRiskScannerFull", "SupplyRiskScannerFull.csproj", "{2B1EE643-A26E-4A9C-8E83-C32974D908FD}"
EndProject
Global
	GlobalSection(SolutionConfigurationPlatforms) = preSolution
		Debug|Any CPU = Debug|Any CPU
		Release|Any CPU = Release|Any CPU
	EndGlobalSection
	GlobalSection(ProjectConfigurationPlatforms) = postSolution
		{2B1EE643-A26E-4A9C-8E83-C32974D908FD}.Debug|Any CPU.ActiveCfg = Debug|Any CPU
		{2B1EE643-A26E-4A9C-8E83-C32974D908FD}.Debug|Any CPU.Build.0 = Debug|Any CPU
		{2B1EE643-A26E-4A9C-8E83-C32974D908FD}.Release|Any CPU.ActiveCfg = Release|Any CPU
		{2B1EE643-A26E-4A9C-8E83-C32974D908FD}.Release|Any CPU.Build.0 = Release|Any CPU
	EndGlobalSection
	GlobalSection(SolutionProperties) = preSolution
		HideSolutionNode = FALSE
	EndGlobalSection
	GlobalSection(ExtensibilityGlobals) = postSolution
		SolutionGuid = {688E59B4-E15C-4749-9796-99E30DF4DF15}
	EndGlobalSection
EndGlobal
